<?xml version="1.0" encoding="utf-8"?>
<Project ToolsVersion="4.0" xmlns="http://schemas.microsoft.com/developer/msbuild/2003">
  <ItemGroup>
    <Filter Include="Source Files">
      <UniqueIdentifier>{4FC737F1-C7A5-4376-A066-2A32D752A2FF}</UniqueIdentifier>
      <Extensions>cpp;c;cc;cxx;def;odl;idl;hpj;bat;asm;asmx</Extensions>
    </Filter>
    <Filter Include="Header Files">
      <UniqueIdentifier>{93995380-89BD-4b04-88EB-625FBE52EBFB}</UniqueIdentifier>
      <Extensions>h;hh;hpp;hxx;hm;inl;inc;xsd</Extensions>
    </Filter>
    <Filter Include="Resource Files">
      <UniqueIdentifier>{67DA6AB6-F800-4c08-8B7A-83BB121AAD01}</UniqueIdentifier>
      <Extensions>rc;ico;cur;bmp;dlg;rc2;rct;bin;rgs;gif;jpg;jpeg;jpe;resx;tiff;tif;png;wav;mfcribbon-ms</Extensions>
    </Filter>
    <Filter Include="Header Files\Object">
      <UniqueIdentifier>{403b8cec-8a9e-407a-bcc3-07da6a41b4ea}</UniqueIdentifier>
    </Filter>
    <Filter Include="Header Files\Object\Movable">
      <UniqueIdentifier>{64578945-a9f1-47b0-b3f6-bc2a68d44140}</UniqueIdentifier>
    </Filter>
    <Filter Include="Header Files\Object\Movable\Shape">
      <UniqueIdentifier>{5e0cf840-a60a-47a6-96a9-c0746f01a0e3}</UniqueIdentifier>
    </Filter>
    <Filter Include="Header Files\Object\UnMovable">
      <UniqueIdentifier>{307469f8-9f13-435b-bf75-733e14328022}</UniqueIdentifier>
    </Filter>
    <Filter Include="Header Files\Utilities">
      <UniqueIdentifier>{09ec5677-cb10-4e0a-b25a-470e25ad0fe9}</UniqueIdentifier>
    </Filter>
  </ItemGroup>
  <ItemGroup>
    <Text Include="ReadMe.txt">
      <Filter>Resource Files</Filter>
    </Text>
  </ItemGroup>
  <ItemGroup>
    <ClInclude Include="CObject.h">
      <Filter>Header Files\Object</Filter>
    </ClInclude>
    <ClInclude Include="CShape.h">
      <Filter>Header Files\Object\Movable\Shape</Filter>
    </ClInclude>
    <ClInclude Include="CCircle.h">
      <Filter>Header Files\Object\Movable\Shape</Filter>
    </ClInclude>
    <ClInclude Include="CMovableObject.h">
      <Filter>Header Files\Object\Movable</Filter>
    </ClInclude>
    <ClInclude Include="CBorder.h">
      <Filter>Header Files\Object\UnMovable</Filter>
    </ClInclude>
    <ClInclude Include="Objects.h">
      <Filter>Header Files\Utilities</Filter>
    </ClInclude>
    <ClInclude Include="CFactory.h">
      <Filter>Header Files\Utilities</Filter>
    </ClInclude>
    <ClInclude Include="Define.h">
      <Filter>Header Files\Utilities</Filter>
    </ClInclude>
    <ClInclude Include="Enum.h">
      <Filter>Header Files\Utilities</Filter>
    </ClInclude>
  </ItemGroup>
  <ItemGroup>
    <ClCompile Include="CCircle.cpp">
      <Filter>Source Files</Filter>
    </ClCompile>
    <ClCompile Include="CFactory.cpp">
      <Filter>Source Files</Filter>
    </ClCompile>
    <ClCompile Include="main.cpp">
      <Filter>Source Files</Filter>
    </ClCompile>
    <ClCompile Include="CBorder.cpp">
      <Filter>Source Files</Filter>
    </ClCompile>
  </ItemGroup>
</Project>