
Microsoft Visual Studio Solution File, Format Version 12.00
# Visual Studio 15
VisualStudioVersion = 15.0.26730.12
MinimumVisualStudioVersion = 10.0.40219.1
Project("{8BC9CEB8-8B4A-11D0-8D11-00A0C91BC942}") = "DrawRect", "OpenGLPracticeWithPPT\OpenGLPracticeWithPPT.vcxproj", "{7AF03E5B-CA44-4392-87FC-C9092BA48DBE}"
EndProject
Project("{8BC9CEB8-8B4A-11D0-8D11-00A0C91BC942}") = "DrawPoint", "DrawPoint\DrawPoint.vcxproj", "{F0063E6A-C9D2-4009-9D48-BBF3E8AE4679}"
EndProject
Project("{8BC9CEB8-8B4A-11D0-8D11-00A0C91BC942}") = "1.DrawRect", "DrawRectPractice\DrawRectPractice.vcxproj", "{0B565EA6-6E42-4F35-82E7-F6319811E8F5}"
EndProject
Project("{8BC9CEB8-8B4A-11D0-8D11-00A0C91BC942}") = "2.GoBoard", "2.GoBoard\2.GoBoard.vcxproj", "{4CB2F64C-057E-4569-A3D3-D3A6AB166E24}"
EndProject
Project("{8BC9CEB8-8B4A-11D0-8D11-00A0C91BC942}") = "4.RectAnimation", "4.RectAnimation\4.RectAnimation.vcxproj", "{83636A4F-77B4-43D9-9039-34D5BB371FF6}"
EndProject
Project("{8BC9CEB8-8B4A-11D0-8D11-00A0C91BC942}") = "3.Polygons", "3.Polygons\3.Polygons.vcxproj", "{6E8C04ED-02DA-4AC0-B710-4030DED91255}"
EndProject
Project("{8BC9CEB8-8B4A-11D0-8D11-00A0C91BC942}") = "5.BouncingRect", "5.BouncingRect\5.BouncingRect.vcxproj", "{9EAC4FCD-4BD3-4990-97F7-DD744040626B}"
EndProject
Project("{8BC9CEB8-8B4A-11D0-8D11-00A0C91BC942}") = "7.CircleAnimation", "7.CircleAnimation\7.CircleAnimation.vcxproj", "{DF068EC7-45DC-46B2-B6F7-A9D117888BE3}"
EndProject
Project("{8BC9CEB8-8B4A-11D0-8D11-00A0C91BC942}") = "8.PursuitTarget", "8.PursuitTarget\8.PursuitTarget.vcxproj", "{5A3AC6F5-EF0A-4EAC-B4C6-FDFC610A5166}"
EndProject
Project("{8BC9CEB8-8B4A-11D0-8D11-00A0C91BC942}") = "6.RectAnimation2", "6.RectAnimation2\6.RectAnimation2.vcxproj", "{36440752-7169-41BD-866D-650B6F5D2486}"
EndProject
Project("{8BC9CEB8-8B4A-11D0-8D11-00A0C91BC942}") = "9.Spiral", "9.Spiral\9.Spiral.vcxproj", "{CD978FBB-6BD0-4B1E-B77C-AF0782A5FD88}"
EndProject
Project("{8BC9CEB8-8B4A-11D0-8D11-00A0C91BC942}") = "10.SpreadDot", "10.SpreadDot\10.SpreadDot.vcxproj", "{7EAFC168-AC41-40CB-BE5E-73C69C15BBA9}"
EndProject
Project("{8BC9CEB8-8B4A-11D0-8D11-00A0C91BC942}") = "Console", "Console\Console.vcxproj", "{E1EDD0A3-212A-4F26-8C9A-8424E2E61A49}"
EndProject
Project("{8BC9CEB8-8B4A-11D0-8D11-00A0C91BC942}") = "11.VariousLine", "11.VariousLine\11.VariousLine.vcxproj", "{9D286585-31A2-4202-8C84-3B2ED39F2CA8}"
EndProject
Project("{8BC9CEB8-8B4A-11D0-8D11-00A0C91BC942}") = "12.MoveWithPath", "12.MoveWithPath\12.MoveWithPath.vcxproj", "{3A9EB34A-3933-4E95-86CC-764A7DF7C197}"
EndProject
Project("{8BC9CEB8-8B4A-11D0-8D11-00A0C91BC942}") = "13.TriangleAnimation", "13.TriangleAnimation\13.TriangleAnimation.vcxproj", "{574A5957-E285-44A5-8C5A-EFD9935F23CA}"
EndProject
Project("{8BC9CEB8-8B4A-11D0-8D11-00A0C91BC942}") = "14.RotatingTriangle", "14.RotatingTriangle\14.RotatingTriangle.vcxproj", "{393581A9-56B2-4645-80D2-4E9CF67D4C0B}"
EndProject
Project("{8BC9CEB8-8B4A-11D0-8D11-00A0C91BC942}") = "15.VarietyShape", "15.VarietyShape\15.VarietyShape.vcxproj", "{7C49B07D-7EB7-4D59-A1D7-6511E8234C14}"
EndProject
Project("{8BC9CEB8-8B4A-11D0-8D11-00A0C91BC942}") = "16.Perspective", "16.Perspective\16.Perspective.vcxproj", "{E0234D9C-1348-410E-B3AC-A60F03BE08B0}"
EndProject
Project("{8BC9CEB8-8B4A-11D0-8D11-00A0C91BC942}") = "17.SolarSystem", "17.SolarSystem\17.SolarSystem.vcxproj", "{2561E0B6-8CC4-45B2-AEE8-815DAC717365}"
EndProject
Project("{8BC9CEB8-8B4A-11D0-8D11-00A0C91BC942}") = "18.RollingBall", "18.RollingBall\18.RollingBall.vcxproj", "{480B7DB2-F4D7-4947-AF77-A427C0F34285}"
EndProject
Project("{8BC9CEB8-8B4A-11D0-8D11-00A0C91BC942}") = "19.Crane", "19.Crane\19.Crane.vcxproj", "{E040E5EB-9CDB-454B-9FE4-ED3514CB5167}"
EndProject
Project("{8BC9CEB8-8B4A-11D0-8D11-00A0C91BC942}") = "20.VarietyObjectsAnimation", "20.VarietyObjectsAnimation\20.VarietyObjectsAnimation.vcxproj", "{AD03DB57-A17C-49D7-82E0-A46A0B1B4A43}"
EndProject
Project("{8BC9CEB8-8B4A-11D0-8D11-00A0C91BC942}") = "21.18+19+20", "21.18+19+20\21.18+19+20.vcxproj", "{ED3AEE93-0810-4164-9EC9-3EAA0810CDF2}"
EndProject
Project("{8BC9CEB8-8B4A-11D0-8D11-00A0C91BC942}") = "23.RGBCube", "23.RGBCube\23.RGBCube.vcxproj", "{ED543240-FF02-4F8C-903D-A9EB67FB9033}"
EndProject
Project("{8BC9CEB8-8B4A-11D0-8D11-00A0C91BC942}") = "24.RotatingTorus", "24.RotatingTorus\24.RotatingTorus.vcxproj", "{ACDB06B7-B89A-45C7-9A63-AF42B6645B4F}"
EndProject
Project("{8BC9CEB8-8B4A-11D0-8D11-00A0C91BC942}") = "27.Curve", "27.Curve\27.Curve.vcxproj", "{B318D784-9A68-41E3-B709-8CC3279EEEE0}"
EndProject
Project("{8BC9CEB8-8B4A-11D0-8D11-00A0C91BC942}") = "28.WavingFloor", "28.WavingFloor\28.WavingFloor.vcxproj", "{33AD8A3F-F904-4BB3-B172-B037EF7B64B2}"
EndProject
Project("{8BC9CEB8-8B4A-11D0-8D11-00A0C91BC942}") = "25.3DBouncingBall", "25.3DBouncingBall\25.3DBouncingBall.vcxproj", "{819125E2-1F27-4B36-A9E7-82ECF2806F64}"
EndProject
Project("{8BC9CEB8-8B4A-11D0-8D11-00A0C91BC942}") = "29.Light", "29.Light\29.Light.vcxproj", "{27A887A0-A6FE-4F56-9291-89B4A7CCD0E3}"
EndProject
Global
	GlobalSection(SolutionConfigurationPlatforms) = preSolution
		Debug|x64 = Debug|x64
		Debug|x86 = Debug|x86
		Release|x64 = Release|x64
		Release|x86 = Release|x86
	EndGlobalSection
	GlobalSection(ProjectConfigurationPlatforms) = postSolution
		{7AF03E5B-CA44-4392-87FC-C9092BA48DBE}.Debug|x64.ActiveCfg = Debug|x64
		{7AF03E5B-CA44-4392-87FC-C9092BA48DBE}.Debug|x64.Build.0 = Debug|x64
		{7AF03E5B-CA44-4392-87FC-C9092BA48DBE}.Debug|x86.ActiveCfg = Debug|Win32
		{7AF03E5B-CA44-4392-87FC-C9092BA48DBE}.Debug|x86.Build.0 = Debug|Win32
		{7AF03E5B-CA44-4392-87FC-C9092BA48DBE}.Release|x64.ActiveCfg = Release|x64
		{7AF03E5B-CA44-4392-87FC-C9092BA48DBE}.Release|x64.Build.0 = Release|x64
		{7AF03E5B-CA44-4392-87FC-C9092BA48DBE}.Release|x86.ActiveCfg = Release|Win32
		{7AF03E5B-CA44-4392-87FC-C9092BA48DBE}.Release|x86.Build.0 = Release|Win32
		{F0063E6A-C9D2-4009-9D48-BBF3E8AE4679}.Debug|x64.ActiveCfg = Debug|x64
		{F0063E6A-C9D2-4009-9D48-BBF3E8AE4679}.Debug|x64.Build.0 = Debug|x64
		{F0063E6A-C9D2-4009-9D48-BBF3E8AE4679}.Debug|x86.ActiveCfg = Debug|Win32
		{F0063E6A-C9D2-4009-9D48-BBF3E8AE4679}.Debug|x86.Build.0 = Debug|Win32
		{F0063E6A-C9D2-4009-9D48-BBF3E8AE4679}.Release|x64.ActiveCfg = Release|x64
		{F0063E6A-C9D2-4009-9D48-BBF3E8AE4679}.Release|x64.Build.0 = Release|x64
		{F0063E6A-C9D2-4009-9D48-BBF3E8AE4679}.Release|x86.ActiveCfg = Release|Win32
		{F0063E6A-C9D2-4009-9D48-BBF3E8AE4679}.Release|x86.Build.0 = Release|Win32
		{0B565EA6-6E42-4F35-82E7-F6319811E8F5}.Debug|x64.ActiveCfg = Debug|x64
		{0B565EA6-6E42-4F35-82E7-F6319811E8F5}.Debug|x64.Build.0 = Debug|x64
		{0B565EA6-6E42-4F35-82E7-F6319811E8F5}.Debug|x86.ActiveCfg = Debug|Win32
		{0B565EA6-6E42-4F35-82E7-F6319811E8F5}.Debug|x86.Build.0 = Debug|Win32
		{0B565EA6-6E42-4F35-82E7-F6319811E8F5}.Release|x64.ActiveCfg = Release|x64
		{0B565EA6-6E42-4F35-82E7-F6319811E8F5}.Release|x64.Build.0 = Release|x64
		{0B565EA6-6E42-4F35-82E7-F6319811E8F5}.Release|x86.ActiveCfg = Release|Win32
		{0B565EA6-6E42-4F35-82E7-F6319811E8F5}.Release|x86.Build.0 = Release|Win32
		{4CB2F64C-057E-4569-A3D3-D3A6AB166E24}.Debug|x64.ActiveCfg = Debug|x64
		{4CB2F64C-057E-4569-A3D3-D3A6AB166E24}.Debug|x64.Build.0 = Debug|x64
		{4CB2F64C-057E-4569-A3D3-D3A6AB166E24}.Debug|x86.ActiveCfg = Debug|Win32
		{4CB2F64C-057E-4569-A3D3-D3A6AB166E24}.Debug|x86.Build.0 = Debug|Win32
		{4CB2F64C-057E-4569-A3D3-D3A6AB166E24}.Release|x64.ActiveCfg = Release|x64
		{4CB2F64C-057E-4569-A3D3-D3A6AB166E24}.Release|x64.Build.0 = Release|x64
		{4CB2F64C-057E-4569-A3D3-D3A6AB166E24}.Release|x86.ActiveCfg = Release|Win32
		{4CB2F64C-057E-4569-A3D3-D3A6AB166E24}.Release|x86.Build.0 = Release|Win32
		{83636A4F-77B4-43D9-9039-34D5BB371FF6}.Debug|x64.ActiveCfg = Debug|x64
		{83636A4F-77B4-43D9-9039-34D5BB371FF6}.Debug|x64.Build.0 = Debug|x64
		{83636A4F-77B4-43D9-9039-34D5BB371FF6}.Debug|x86.ActiveCfg = Debug|Win32
		{83636A4F-77B4-43D9-9039-34D5BB371FF6}.Debug|x86.Build.0 = Debug|Win32
		{83636A4F-77B4-43D9-9039-34D5BB371FF6}.Release|x64.ActiveCfg = Release|x64
		{83636A4F-77B4-43D9-9039-34D5BB371FF6}.Release|x64.Build.0 = Release|x64
		{83636A4F-77B4-43D9-9039-34D5BB371FF6}.Release|x86.ActiveCfg = Release|Win32
		{83636A4F-77B4-43D9-9039-34D5BB371FF6}.Release|x86.Build.0 = Release|Win32
		{6E8C04ED-02DA-4AC0-B710-4030DED91255}.Debug|x64.ActiveCfg = Debug|x64
		{6E8C04ED-02DA-4AC0-B710-4030DED91255}.Debug|x64.Build.0 = Debug|x64
		{6E8C04ED-02DA-4AC0-B710-4030DED91255}.Debug|x86.ActiveCfg = Debug|Win32
		{6E8C04ED-02DA-4AC0-B710-4030DED91255}.Debug|x86.Build.0 = Debug|Win32
		{6E8C04ED-02DA-4AC0-B710-4030DED91255}.Release|x64.ActiveCfg = Release|x64
		{6E8C04ED-02DA-4AC0-B710-4030DED91255}.Release|x64.Build.0 = Release|x64
		{6E8C04ED-02DA-4AC0-B710-4030DED91255}.Release|x86.ActiveCfg = Release|Win32
		{6E8C04ED-02DA-4AC0-B710-4030DED91255}.Release|x86.Build.0 = Release|Win32
		{9EAC4FCD-4BD3-4990-97F7-DD744040626B}.Debug|x64.ActiveCfg = Debug|x64
		{9EAC4FCD-4BD3-4990-97F7-DD744040626B}.Debug|x64.Build.0 = Debug|x64
		{9EAC4FCD-4BD3-4990-97F7-DD744040626B}.Debug|x86.ActiveCfg = Debug|Win32
		{9EAC4FCD-4BD3-4990-97F7-DD744040626B}.Debug|x86.Build.0 = Debug|Win32
		{9EAC4FCD-4BD3-4990-97F7-DD744040626B}.Release|x64.ActiveCfg = Release|x64
		{9EAC4FCD-4BD3-4990-97F7-DD744040626B}.Release|x64.Build.0 = Release|x64
		{9EAC4FCD-4BD3-4990-97F7-DD744040626B}.Release|x86.ActiveCfg = Release|Win32
		{9EAC4FCD-4BD3-4990-97F7-DD744040626B}.Release|x86.Build.0 = Release|Win32
		{DF068EC7-45DC-46B2-B6F7-A9D117888BE3}.Debug|x64.ActiveCfg = Debug|x64
		{DF068EC7-45DC-46B2-B6F7-A9D117888BE3}.Debug|x64.Build.0 = Debug|x64
		{DF068EC7-45DC-46B2-B6F7-A9D117888BE3}.Debug|x86.ActiveCfg = Debug|Win32
		{DF068EC7-45DC-46B2-B6F7-A9D117888BE3}.Debug|x86.Build.0 = Debug|Win32
		{DF068EC7-45DC-46B2-B6F7-A9D117888BE3}.Release|x64.ActiveCfg = Release|x64
		{DF068EC7-45DC-46B2-B6F7-A9D117888BE3}.Release|x64.Build.0 = Release|x64
		{DF068EC7-45DC-46B2-B6F7-A9D117888BE3}.Release|x86.ActiveCfg = Release|Win32
		{DF068EC7-45DC-46B2-B6F7-A9D117888BE3}.Release|x86.Build.0 = Release|Win32
		{5A3AC6F5-EF0A-4EAC-B4C6-FDFC610A5166}.Debug|x64.ActiveCfg = Debug|x64
		{5A3AC6F5-EF0A-4EAC-B4C6-FDFC610A5166}.Debug|x64.Build.0 = Debug|x64
		{5A3AC6F5-EF0A-4EAC-B4C6-FDFC610A5166}.Debug|x86.ActiveCfg = Debug|Win32
		{5A3AC6F5-EF0A-4EAC-B4C6-FDFC610A5166}.Debug|x86.Build.0 = Debug|Win32
		{5A3AC6F5-EF0A-4EAC-B4C6-FDFC610A5166}.Release|x64.ActiveCfg = Release|x64
		{5A3AC6F5-EF0A-4EAC-B4C6-FDFC610A5166}.Release|x64.Build.0 = Release|x64
		{5A3AC6F5-EF0A-4EAC-B4C6-FDFC610A5166}.Release|x86.ActiveCfg = Release|Win32
		{5A3AC6F5-EF0A-4EAC-B4C6-FDFC610A5166}.Release|x86.Build.0 = Release|Win32
		{36440752-7169-41BD-866D-650B6F5D2486}.Debug|x64.ActiveCfg = Debug|x64
		{36440752-7169-41BD-866D-650B6F5D2486}.Debug|x64.Build.0 = Debug|x64
		{36440752-7169-41BD-866D-650B6F5D2486}.Debug|x86.ActiveCfg = Debug|Win32
		{36440752-7169-41BD-866D-650B6F5D2486}.Debug|x86.Build.0 = Debug|Win32
		{36440752-7169-41BD-866D-650B6F5D2486}.Release|x64.ActiveCfg = Release|x64
		{36440752-7169-41BD-866D-650B6F5D2486}.Release|x64.Build.0 = Release|x64
		{36440752-7169-41BD-866D-650B6F5D2486}.Release|x86.ActiveCfg = Release|Win32
		{36440752-7169-41BD-866D-650B6F5D2486}.Release|x86.Build.0 = Release|Win32
		{CD978FBB-6BD0-4B1E-B77C-AF0782A5FD88}.Debug|x64.ActiveCfg = Debug|x64
		{CD978FBB-6BD0-4B1E-B77C-AF0782A5FD88}.Debug|x64.Build.0 = Debug|x64
		{CD978FBB-6BD0-4B1E-B77C-AF0782A5FD88}.Debug|x86.ActiveCfg = Debug|Win32
		{CD978FBB-6BD0-4B1E-B77C-AF0782A5FD88}.Debug|x86.Build.0 = Debug|Win32
		{CD978FBB-6BD0-4B1E-B77C-AF0782A5FD88}.Release|x64.ActiveCfg = Release|x64
		{CD978FBB-6BD0-4B1E-B77C-AF0782A5FD88}.Release|x64.Build.0 = Release|x64
		{CD978FBB-6BD0-4B1E-B77C-AF0782A5FD88}.Release|x86.ActiveCfg = Release|Win32
		{CD978FBB-6BD0-4B1E-B77C-AF0782A5FD88}.Release|x86.Build.0 = Release|Win32
		{7EAFC168-AC41-40CB-BE5E-73C69C15BBA9}.Debug|x64.ActiveCfg = Debug|x64
		{7EAFC168-AC41-40CB-BE5E-73C69C15BBA9}.Debug|x64.Build.0 = Debug|x64
		{7EAFC168-AC41-40CB-BE5E-73C69C15BBA9}.Debug|x86.ActiveCfg = Debug|Win32
		{7EAFC168-AC41-40CB-BE5E-73C69C15BBA9}.Debug|x86.Build.0 = Debug|Win32
		{7EAFC168-AC41-40CB-BE5E-73C69C15BBA9}.Release|x64.ActiveCfg = Release|x64
		{7EAFC168-AC41-40CB-BE5E-73C69C15BBA9}.Release|x64.Build.0 = Release|x64
		{7EAFC168-AC41-40CB-BE5E-73C69C15BBA9}.Release|x86.ActiveCfg = Release|Win32
		{7EAFC168-AC41-40CB-BE5E-73C69C15BBA9}.Release|x86.Build.0 = Release|Win32
		{E1EDD0A3-212A-4F26-8C9A-8424E2E61A49}.Debug|x64.ActiveCfg = Debug|x64
		{E1EDD0A3-212A-4F26-8C9A-8424E2E61A49}.Debug|x64.Build.0 = Debug|x64
		{E1EDD0A3-212A-4F26-8C9A-8424E2E61A49}.Debug|x86.ActiveCfg = Debug|Win32
		{E1EDD0A3-212A-4F26-8C9A-8424E2E61A49}.Debug|x86.Build.0 = Debug|Win32
		{E1EDD0A3-212A-4F26-8C9A-8424E2E61A49}.Release|x64.ActiveCfg = Release|x64
		{E1EDD0A3-212A-4F26-8C9A-8424E2E61A49}.Release|x64.Build.0 = Release|x64
		{E1EDD0A3-212A-4F26-8C9A-8424E2E61A49}.Release|x86.ActiveCfg = Release|Win32
		{E1EDD0A3-212A-4F26-8C9A-8424E2E61A49}.Release|x86.Build.0 = Release|Win32
		{9D286585-31A2-4202-8C84-3B2ED39F2CA8}.Debug|x64.ActiveCfg = Debug|x64
		{9D286585-31A2-4202-8C84-3B2ED39F2CA8}.Debug|x64.Build.0 = Debug|x64
		{9D286585-31A2-4202-8C84-3B2ED39F2CA8}.Debug|x86.ActiveCfg = Debug|Win32
		{9D286585-31A2-4202-8C84-3B2ED39F2CA8}.Debug|x86.Build.0 = Debug|Win32
		{9D286585-31A2-4202-8C84-3B2ED39F2CA8}.Release|x64.ActiveCfg = Release|x64
		{9D286585-31A2-4202-8C84-3B2ED39F2CA8}.Release|x64.Build.0 = Release|x64
		{9D286585-31A2-4202-8C84-3B2ED39F2CA8}.Release|x86.ActiveCfg = Release|Win32
		{9D286585-31A2-4202-8C84-3B2ED39F2CA8}.Release|x86.Build.0 = Release|Win32
		{3A9EB34A-3933-4E95-86CC-764A7DF7C197}.Debug|x64.ActiveCfg = Debug|x64
		{3A9EB34A-3933-4E95-86CC-764A7DF7C197}.Debug|x64.Build.0 = Debug|x64
		{3A9EB34A-3933-4E95-86CC-764A7DF7C197}.Debug|x86.ActiveCfg = Debug|Win32
		{3A9EB34A-3933-4E95-86CC-764A7DF7C197}.Debug|x86.Build.0 = Debug|Win32
		{3A9EB34A-3933-4E95-86CC-764A7DF7C197}.Release|x64.ActiveCfg = Release|x64
		{3A9EB34A-3933-4E95-86CC-764A7DF7C197}.Release|x64.Build.0 = Release|x64
		{3A9EB34A-3933-4E95-86CC-764A7DF7C197}.Release|x86.ActiveCfg = Release|Win32
		{3A9EB34A-3933-4E95-86CC-764A7DF7C197}.Release|x86.Build.0 = Release|Win32
		{574A5957-E285-44A5-8C5A-EFD9935F23CA}.Debug|x64.ActiveCfg = Debug|x64
		{574A5957-E285-44A5-8C5A-EFD9935F23CA}.Debug|x64.Build.0 = Debug|x64
		{574A5957-E285-44A5-8C5A-EFD9935F23CA}.Debug|x86.ActiveCfg = Debug|Win32
		{574A5957-E285-44A5-8C5A-EFD9935F23CA}.Debug|x86.Build.0 = Debug|Win32
		{574A5957-E285-44A5-8C5A-EFD9935F23CA}.Release|x64.ActiveCfg = Release|x64
		{574A5957-E285-44A5-8C5A-EFD9935F23CA}.Release|x64.Build.0 = Release|x64
		{574A5957-E285-44A5-8C5A-EFD9935F23CA}.Release|x86.ActiveCfg = Release|Win32
		{574A5957-E285-44A5-8C5A-EFD9935F23CA}.Release|x86.Build.0 = Release|Win32
		{393581A9-56B2-4645-80D2-4E9CF67D4C0B}.Debug|x64.ActiveCfg = Debug|x64
		{393581A9-56B2-4645-80D2-4E9CF67D4C0B}.Debug|x64.Build.0 = Debug|x64
		{393581A9-56B2-4645-80D2-4E9CF67D4C0B}.Debug|x86.ActiveCfg = Debug|Win32
		{393581A9-56B2-4645-80D2-4E9CF67D4C0B}.Debug|x86.Build.0 = Debug|Win32
		{393581A9-56B2-4645-80D2-4E9CF67D4C0B}.Release|x64.ActiveCfg = Release|x64
		{393581A9-56B2-4645-80D2-4E9CF67D4C0B}.Release|x64.Build.0 = Release|x64
		{393581A9-56B2-4645-80D2-4E9CF67D4C0B}.Release|x86.ActiveCfg = Release|Win32
		{393581A9-56B2-4645-80D2-4E9CF67D4C0B}.Release|x86.Build.0 = Release|Win32
		{7C49B07D-7EB7-4D59-A1D7-6511E8234C14}.Debug|x64.ActiveCfg = Debug|x64
		{7C49B07D-7EB7-4D59-A1D7-6511E8234C14}.Debug|x64.Build.0 = Debug|x64
		{7C49B07D-7EB7-4D59-A1D7-6511E8234C14}.Debug|x86.ActiveCfg = Debug|Win32
		{7C49B07D-7EB7-4D59-A1D7-6511E8234C14}.Debug|x86.Build.0 = Debug|Win32
		{7C49B07D-7EB7-4D59-A1D7-6511E8234C14}.Release|x64.ActiveCfg = Release|x64
		{7C49B07D-7EB7-4D59-A1D7-6511E8234C14}.Release|x64.Build.0 = Release|x64
		{7C49B07D-7EB7-4D59-A1D7-6511E8234C14}.Release|x86.ActiveCfg = Release|Win32
		{7C49B07D-7EB7-4D59-A1D7-6511E8234C14}.Release|x86.Build.0 = Release|Win32
		{E0234D9C-1348-410E-B3AC-A60F03BE08B0}.Debug|x64.ActiveCfg = Debug|x64
		{E0234D9C-1348-410E-B3AC-A60F03BE08B0}.Debug|x64.Build.0 = Debug|x64
		{E0234D9C-1348-410E-B3AC-A60F03BE08B0}.Debug|x86.ActiveCfg = Debug|Win32
		{E0234D9C-1348-410E-B3AC-A60F03BE08B0}.Debug|x86.Build.0 = Debug|Win32
		{E0234D9C-1348-410E-B3AC-A60F03BE08B0}.Release|x64.ActiveCfg = Release|x64
		{E0234D9C-1348-410E-B3AC-A60F03BE08B0}.Release|x64.Build.0 = Release|x64
		{E0234D9C-1348-410E-B3AC-A60F03BE08B0}.Release|x86.ActiveCfg = Release|Win32
		{E0234D9C-1348-410E-B3AC-A60F03BE08B0}.Release|x86.Build.0 = Release|Win32
		{2561E0B6-8CC4-45B2-AEE8-815DAC717365}.Debug|x64.ActiveCfg = Debug|x64
		{2561E0B6-8CC4-45B2-AEE8-815DAC717365}.Debug|x64.Build.0 = Debug|x64
		{2561E0B6-8CC4-45B2-AEE8-815DAC717365}.Debug|x86.ActiveCfg = Debug|Win32
		{2561E0B6-8CC4-45B2-AEE8-815DAC717365}.Debug|x86.Build.0 = Debug|Win32
		{2561E0B6-8CC4-45B2-AEE8-815DAC717365}.Release|x64.ActiveCfg = Release|x64
		{2561E0B6-8CC4-45B2-AEE8-815DAC717365}.Release|x64.Build.0 = Release|x64
		{2561E0B6-8CC4-45B2-AEE8-815DAC717365}.Release|x86.ActiveCfg = Release|Win32
		{2561E0B6-8CC4-45B2-AEE8-815DAC717365}.Release|x86.Build.0 = Release|Win32
		{480B7DB2-F4D7-4947-AF77-A427C0F34285}.Debug|x64.ActiveCfg = Debug|x64
		{480B7DB2-F4D7-4947-AF77-A427C0F34285}.Debug|x64.Build.0 = Debug|x64
		{480B7DB2-F4D7-4947-AF77-A427C0F34285}.Debug|x86.ActiveCfg = Debug|Win32
		{480B7DB2-F4D7-4947-AF77-A427C0F34285}.Debug|x86.Build.0 = Debug|Win32
		{480B7DB2-F4D7-4947-AF77-A427C0F34285}.Release|x64.ActiveCfg = Release|x64
		{480B7DB2-F4D7-4947-AF77-A427C0F34285}.Release|x64.Build.0 = Release|x64
		{480B7DB2-F4D7-4947-AF77-A427C0F34285}.Release|x86.ActiveCfg = Release|Win32
		{480B7DB2-F4D7-4947-AF77-A427C0F34285}.Release|x86.Build.0 = Release|Win32
		{E040E5EB-9CDB-454B-9FE4-ED3514CB5167}.Debug|x64.ActiveCfg = Debug|x64
		{E040E5EB-9CDB-454B-9FE4-ED3514CB5167}.Debug|x64.Build.0 = Debug|x64
		{E040E5EB-9CDB-454B-9FE4-ED3514CB5167}.Debug|x86.ActiveCfg = Debug|Win32
		{E040E5EB-9CDB-454B-9FE4-ED3514CB5167}.Debug|x86.Build.0 = Debug|Win32
		{E040E5EB-9CDB-454B-9FE4-ED3514CB5167}.Release|x64.ActiveCfg = Release|x64
		{E040E5EB-9CDB-454B-9FE4-ED3514CB5167}.Release|x64.Build.0 = Release|x64
		{E040E5EB-9CDB-454B-9FE4-ED3514CB5167}.Release|x86.ActiveCfg = Release|Win32
		{E040E5EB-9CDB-454B-9FE4-ED3514CB5167}.Release|x86.Build.0 = Release|Win32
		{AD03DB57-A17C-49D7-82E0-A46A0B1B4A43}.Debug|x64.ActiveCfg = Debug|x64
		{AD03DB57-A17C-49D7-82E0-A46A0B1B4A43}.Debug|x64.Build.0 = Debug|x64
		{AD03DB57-A17C-49D7-82E0-A46A0B1B4A43}.Debug|x86.ActiveCfg = Debug|Win32
		{AD03DB57-A17C-49D7-82E0-A46A0B1B4A43}.Debug|x86.Build.0 = Debug|Win32
		{AD03DB57-A17C-49D7-82E0-A46A0B1B4A43}.Release|x64.ActiveCfg = Release|x64
		{AD03DB57-A17C-49D7-82E0-A46A0B1B4A43}.Release|x64.Build.0 = Release|x64
		{AD03DB57-A17C-49D7-82E0-A46A0B1B4A43}.Release|x86.ActiveCfg = Release|Win32
		{AD03DB57-A17C-49D7-82E0-A46A0B1B4A43}.Release|x86.Build.0 = Release|Win32
		{ED3AEE93-0810-4164-9EC9-3EAA0810CDF2}.Debug|x64.ActiveCfg = Debug|x64
		{ED3AEE93-0810-4164-9EC9-3EAA0810CDF2}.Debug|x64.Build.0 = Debug|x64
		{ED3AEE93-0810-4164-9EC9-3EAA0810CDF2}.Debug|x86.ActiveCfg = Debug|Win32
		{ED3AEE93-0810-4164-9EC9-3EAA0810CDF2}.Debug|x86.Build.0 = Debug|Win32
		{ED3AEE93-0810-4164-9EC9-3EAA0810CDF2}.Release|x64.ActiveCfg = Release|x64
		{ED3AEE93-0810-4164-9EC9-3EAA0810CDF2}.Release|x64.Build.0 = Release|x64
		{ED3AEE93-0810-4164-9EC9-3EAA0810CDF2}.Release|x86.ActiveCfg = Release|Win32
		{ED3AEE93-0810-4164-9EC9-3EAA0810CDF2}.Release|x86.Build.0 = Release|Win32
		{ED543240-FF02-4F8C-903D-A9EB67FB9033}.Debug|x64.ActiveCfg = Debug|x64
		{ED543240-FF02-4F8C-903D-A9EB67FB9033}.Debug|x64.Build.0 = Debug|x64
		{ED543240-FF02-4F8C-903D-A9EB67FB9033}.Debug|x86.ActiveCfg = Debug|Win32
		{ED543240-FF02-4F8C-903D-A9EB67FB9033}.Debug|x86.Build.0 = Debug|Win32
		{ED543240-FF02-4F8C-903D-A9EB67FB9033}.Release|x64.ActiveCfg = Release|x64
		{ED543240-FF02-4F8C-903D-A9EB67FB9033}.Release|x64.Build.0 = Release|x64
		{ED543240-FF02-4F8C-903D-A9EB67FB9033}.Release|x86.ActiveCfg = Release|Win32
		{ED543240-FF02-4F8C-903D-A9EB67FB9033}.Release|x86.Build.0 = Release|Win32
		{ACDB06B7-B89A-45C7-9A63-AF42B6645B4F}.Debug|x64.ActiveCfg = Debug|x64
		{ACDB06B7-B89A-45C7-9A63-AF42B6645B4F}.Debug|x64.Build.0 = Debug|x64
		{ACDB06B7-B89A-45C7-9A63-AF42B6645B4F}.Debug|x86.ActiveCfg = Debug|Win32
		{ACDB06B7-B89A-45C7-9A63-AF42B6645B4F}.Debug|x86.Build.0 = Debug|Win32
		{ACDB06B7-B89A-45C7-9A63-AF42B6645B4F}.Release|x64.ActiveCfg = Release|x64
		{ACDB06B7-B89A-45C7-9A63-AF42B6645B4F}.Release|x64.Build.0 = Release|x64
		{ACDB06B7-B89A-45C7-9A63-AF42B6645B4F}.Release|x86.ActiveCfg = Release|Win32
		{ACDB06B7-B89A-45C7-9A63-AF42B6645B4F}.Release|x86.Build.0 = Release|Win32
		{B318D784-9A68-41E3-B709-8CC3279EEEE0}.Debug|x64.ActiveCfg = Debug|x64
		{B318D784-9A68-41E3-B709-8CC3279EEEE0}.Debug|x64.Build.0 = Debug|x64
		{B318D784-9A68-41E3-B709-8CC3279EEEE0}.Debug|x86.ActiveCfg = Debug|Win32
		{B318D784-9A68-41E3-B709-8CC3279EEEE0}.Debug|x86.Build.0 = Debug|Win32
		{B318D784-9A68-41E3-B709-8CC3279EEEE0}.Release|x64.ActiveCfg = Release|x64
		{B318D784-9A68-41E3-B709-8CC3279EEEE0}.Release|x64.Build.0 = Release|x64
		{B318D784-9A68-41E3-B709-8CC3279EEEE0}.Release|x86.ActiveCfg = Release|Win32
		{B318D784-9A68-41E3-B709-8CC3279EEEE0}.Release|x86.Build.0 = Release|Win32
		{33AD8A3F-F904-4BB3-B172-B037EF7B64B2}.Debug|x64.ActiveCfg = Debug|x64
		{33AD8A3F-F904-4BB3-B172-B037EF7B64B2}.Debug|x64.Build.0 = Debug|x64
		{33AD8A3F-F904-4BB3-B172-B037EF7B64B2}.Debug|x86.ActiveCfg = Debug|Win32
		{33AD8A3F-F904-4BB3-B172-B037EF7B64B2}.Debug|x86.Build.0 = Debug|Win32
		{33AD8A3F-F904-4BB3-B172-B037EF7B64B2}.Release|x64.ActiveCfg = Release|x64
		{33AD8A3F-F904-4BB3-B172-B037EF7B64B2}.Release|x64.Build.0 = Release|x64
		{33AD8A3F-F904-4BB3-B172-B037EF7B64B2}.Release|x86.ActiveCfg = Release|Win32
		{33AD8A3F-F904-4BB3-B172-B037EF7B64B2}.Release|x86.Build.0 = Release|Win32
		{819125E2-1F27-4B36-A9E7-82ECF2806F64}.Debug|x64.ActiveCfg = Debug|x64
		{819125E2-1F27-4B36-A9E7-82ECF2806F64}.Debug|x64.Build.0 = Debug|x64
		{819125E2-1F27-4B36-A9E7-82ECF2806F64}.Debug|x86.ActiveCfg = Debug|Win32
		{819125E2-1F27-4B36-A9E7-82ECF2806F64}.Debug|x86.Build.0 = Debug|Win32
		{819125E2-1F27-4B36-A9E7-82ECF2806F64}.Release|x64.ActiveCfg = Release|x64
		{819125E2-1F27-4B36-A9E7-82ECF2806F64}.Release|x64.Build.0 = Release|x64
		{819125E2-1F27-4B36-A9E7-82ECF2806F64}.Release|x86.ActiveCfg = Release|Win32
		{819125E2-1F27-4B36-A9E7-82ECF2806F64}.Release|x86.Build.0 = Release|Win32
		{27A887A0-A6FE-4F56-9291-89B4A7CCD0E3}.Debug|x64.ActiveCfg = Debug|x64
		{27A887A0-A6FE-4F56-9291-89B4A7CCD0E3}.Debug|x64.Build.0 = Debug|x64
		{27A887A0-A6FE-4F56-9291-89B4A7CCD0E3}.Debug|x86.ActiveCfg = Debug|Win32
		{27A887A0-A6FE-4F56-9291-89B4A7CCD0E3}.Debug|x86.Build.0 = Debug|Win32
		{27A887A0-A6FE-4F56-9291-89B4A7CCD0E3}.Release|x64.ActiveCfg = Release|x64
		{27A887A0-A6FE-4F56-9291-89B4A7CCD0E3}.Release|x64.Build.0 = Release|x64
		{27A887A0-A6FE-4F56-9291-89B4A7CCD0E3}.Release|x86.ActiveCfg = Release|Win32
		{27A887A0-A6FE-4F56-9291-89B4A7CCD0E3}.Release|x86.Build.0 = Release|Win32
	EndGlobalSection
	GlobalSection(SolutionProperties) = preSolution
		HideSolutionNode = FALSE
	EndGlobalSection
	GlobalSection(ExtensibilityGlobals) = postSolution
		SolutionGuid = {9B9C31CA-5A8A-41FB-B5DC-CD6097BF0C2A}
	EndGlobalSection
EndGlobal
