
Microsoft Visual Studio Solution File, Format Version 12.00
# Visual Studio 15
VisualStudioVersion = 15.0.26730.12
MinimumVisualStudioVersion = 10.0.40219.1
Project("{8BC9CEB8-8B4A-11D0-8D11-00A0C91BC942}") = "1.Matrix", "WarmmingUp\WarmmingUp.vcxproj", "{117B9811-356F-4463-835F-B4C669C0C765}"
EndProject
Project("{8BC9CEB8-8B4A-11D0-8D11-00A0C91BC942}") = "3.Vector", "3.Vector\3.Vector.vcxproj", "{E55B9966-B967-41A9-97AE-1BDFA1DCD555}"
EndProject
Global
	GlobalSection(SolutionConfigurationPlatforms) = preSolution
		Debug|x64 = Debug|x64
		Debug|x86 = Debug|x86
		Release|x64 = Release|x64
		Release|x86 = Release|x86
	EndGlobalSection
	GlobalSection(ProjectConfigurationPlatforms) = postSolution
		{117B9811-356F-4463-835F-B4C669C0C765}.Debug|x64.ActiveCfg = Debug|x64
		{117B9811-356F-4463-835F-B4C669C0C765}.Debug|x64.Build.0 = Debug|x64
		{117B9811-356F-4463-835F-B4C669C0C765}.Debug|x86.ActiveCfg = Debug|Win32
		{117B9811-356F-4463-835F-B4C669C0C765}.Debug|x86.Build.0 = Debug|Win32
		{117B9811-356F-4463-835F-B4C669C0C765}.Release|x64.ActiveCfg = Release|x64
		{117B9811-356F-4463-835F-B4C669C0C765}.Release|x64.Build.0 = Release|x64
		{117B9811-356F-4463-835F-B4C669C0C765}.Release|x86.ActiveCfg = Release|Win32
		{117B9811-356F-4463-835F-B4C669C0C765}.Release|x86.Build.0 = Release|Win32
		{E55B9966-B967-41A9-97AE-1BDFA1DCD555}.Debug|x64.ActiveCfg = Debug|x64
		{E55B9966-B967-41A9-97AE-1BDFA1DCD555}.Debug|x64.Build.0 = Debug|x64
		{E55B9966-B967-41A9-97AE-1BDFA1DCD555}.Debug|x86.ActiveCfg = Debug|Win32
		{E55B9966-B967-41A9-97AE-1BDFA1DCD555}.Debug|x86.Build.0 = Debug|Win32
		{E55B9966-B967-41A9-97AE-1BDFA1DCD555}.Release|x64.ActiveCfg = Release|x64
		{E55B9966-B967-41A9-97AE-1BDFA1DCD555}.Release|x64.Build.0 = Release|x64
		{E55B9966-B967-41A9-97AE-1BDFA1DCD555}.Release|x86.ActiveCfg = Release|Win32
		{E55B9966-B967-41A9-97AE-1BDFA1DCD555}.Release|x86.Build.0 = Release|Win32
	EndGlobalSection
	GlobalSection(SolutionProperties) = preSolution
		HideSolutionNode = FALSE
	EndGlobalSection
	GlobalSection(ExtensibilityGlobals) = postSolution
		SolutionGuid = {49B27B57-C1BA-4F22-83B2-573AEBEC8072}
	EndGlobalSection
EndGlobal
